lockfileVersion: '9.0'

settings:
  autoInstallPeers: true
  excludeLinksFromLockfile: false

overrides:
  '@patchbay/endpoints': link:directus/extensions/patchbay-endpoints

importers:

  .:
    dependencies:
      talker.js:
        specifier: ^1.1.1
        version: 1.1.1

packages:

  es6-promise@4.2.8:
    resolution: {integrity: sha512-HJDGx5daxeIvxdBxvG2cb9g4tEvwIk3i8+nhX0yGrYmZUzbkdg8QbDevheDB8gd0//uPj4c1EQua8Q+MViT0/w==}

  talker.js@1.1.1:
    resolution: {integrity: sha512-HSgruZTOri647pkdyoB7Rk0fEqDBYGgt6D5BdcKcYEaIO+1vMXd9RpwtI/7cKzkfi/2VAgyqJGBSOFTNmn9Njg==}

snapshots:

  es6-promise@4.2.8: {}

  talker.js@1.1.1:
    dependencies:
      es6-promise: 4.2.8
